
Microsoft Visual Studio Solution File, Format Version 12.00
# Visual Studio Version 17
Project("{2150E333-8FDC-42A3-9474-1A3956D46DE8}") = "CMakePredefinedTargets", "CMakePredefinedTargets", "{750B7FF9-F843-3001-B3A2-5161666BCE76}"
EndProject
Project("{8BC9CEB8-8B4A-11D0-8D11-00A0C91BC942}") = "CSC8503", "CSC8503\CSC8503.vcxproj", "{BF1D7A1E-6E75-3A7C-A8CA-59B06AC207E3}"
	ProjectSection(ProjectDependencies) = postProject
		{48A4C139-404F-34A7-A349-20D088DAFAD4} = {48A4C139-404F-34A7-A349-20D088DAFAD4}
		{A0A0B127-8D9F-37BF-9108-5A17279CBE85} = {A0A0B127-8D9F-37BF-9108-5A17279CBE85}
		{AC1A35FE-C5D3-32AA-BBAE-7F8554A2D29D} = {AC1A35FE-C5D3-32AA-BBAE-7F8554A2D29D}
		{130D4256-097B-3650-87B6-996B09CF5C1B} = {130D4256-097B-3650-87B6-996B09CF5C1B}
	EndProjectSection
EndProject
Project("{8BC9CEB8-8B4A-11D0-8D11-00A0C91BC942}") = "ALL_BUILD", "ALL_BUILD.vcxproj", "{A3C6223B-CF04-382B-9857-22A3078671BB}"
	ProjectSection(ProjectDependencies) = postProject
		{BF1D7A1E-6E75-3A7C-A8CA-59B06AC207E3} = {BF1D7A1E-6E75-3A7C-A8CA-59B06AC207E3}
		{48A4C139-404F-34A7-A349-20D088DAFAD4} = {48A4C139-404F-34A7-A349-20D088DAFAD4}
		{A0A0B127-8D9F-37BF-9108-5A17279CBE85} = {A0A0B127-8D9F-37BF-9108-5A17279CBE85}
		{AC1A35FE-C5D3-32AA-BBAE-7F8554A2D29D} = {AC1A35FE-C5D3-32AA-BBAE-7F8554A2D29D}
		{130D4256-097B-3650-87B6-996B09CF5C1B} = {130D4256-097B-3650-87B6-996B09CF5C1B}
	EndProjectSection
EndProject
Project("{8BC9CEB8-8B4A-11D0-8D11-00A0C91BC942}") = "CSC8503CoreClasses", "CSC8503CoreClasses\CSC8503CoreClasses.vcxproj", "{48A4C139-404F-34A7-A349-20D088DAFAD4}"
	ProjectSection(ProjectDependencies) = postProject
		{130D4256-097B-3650-87B6-996B09CF5C1B} = {130D4256-097B-3650-87B6-996B09CF5C1B}
	EndProjectSection
EndProject
Project("{8BC9CEB8-8B4A-11D0-8D11-00A0C91BC942}") = "NCLCoreClasses", "NCLCoreClasses\NCLCoreClasses.vcxproj", "{A0A0B127-8D9F-37BF-9108-5A17279CBE85}"
	ProjectSection(ProjectDependencies) = postProject
		{130D4256-097B-3650-87B6-996B09CF5C1B} = {130D4256-097B-3650-87B6-996B09CF5C1B}
	EndProjectSection
EndProject
Project("{8BC9CEB8-8B4A-11D0-8D11-00A0C91BC942}") = "OpenGLRendering", "OpenGLRendering\OpenGLRendering.vcxproj", "{AC1A35FE-C5D3-32AA-BBAE-7F8554A2D29D}"
	ProjectSection(ProjectDependencies) = postProject
		{A0A0B127-8D9F-37BF-9108-5A17279CBE85} = {A0A0B127-8D9F-37BF-9108-5A17279CBE85}
		{130D4256-097B-3650-87B6-996B09CF5C1B} = {130D4256-097B-3650-87B6-996B09CF5C1B}
	EndProjectSection
EndProject
Project("{8BC9CEB8-8B4A-11D0-8D11-00A0C91BC942}") = "ZERO_CHECK", "ZERO_CHECK.vcxproj", "{130D4256-097B-3650-87B6-996B09CF5C1B}"
	ProjectSection(ProjectDependencies) = postProject
	EndProjectSection
EndProject
Global
	GlobalSection(SolutionConfigurationPlatforms) = preSolution
		Debug|x64 = Debug|x64
		Release|x64 = Release|x64
	EndGlobalSection
	GlobalSection(ProjectConfigurationPlatforms) = postSolution
		{BF1D7A1E-6E75-3A7C-A8CA-59B06AC207E3}.Debug|x64.ActiveCfg = Debug|x64
		{BF1D7A1E-6E75-3A7C-A8CA-59B06AC207E3}.Debug|x64.Build.0 = Debug|x64
		{BF1D7A1E-6E75-3A7C-A8CA-59B06AC207E3}.Release|x64.ActiveCfg = Release|x64
		{BF1D7A1E-6E75-3A7C-A8CA-59B06AC207E3}.Release|x64.Build.0 = Release|x64
		{A3C6223B-CF04-382B-9857-22A3078671BB}.Debug|x64.ActiveCfg = Debug|x64
		{A3C6223B-CF04-382B-9857-22A3078671BB}.Release|x64.ActiveCfg = Release|x64
		{48A4C139-404F-34A7-A349-20D088DAFAD4}.Debug|x64.ActiveCfg = Debug|x64
		{48A4C139-404F-34A7-A349-20D088DAFAD4}.Debug|x64.Build.0 = Debug|x64
		{48A4C139-404F-34A7-A349-20D088DAFAD4}.Release|x64.ActiveCfg = Release|x64
		{48A4C139-404F-34A7-A349-20D088DAFAD4}.Release|x64.Build.0 = Release|x64
		{A0A0B127-8D9F-37BF-9108-5A17279CBE85}.Debug|x64.ActiveCfg = Debug|x64
		{A0A0B127-8D9F-37BF-9108-5A17279CBE85}.Debug|x64.Build.0 = Debug|x64
		{A0A0B127-8D9F-37BF-9108-5A17279CBE85}.Release|x64.ActiveCfg = Release|x64
		{A0A0B127-8D9F-37BF-9108-5A17279CBE85}.Release|x64.Build.0 = Release|x64
		{AC1A35FE-C5D3-32AA-BBAE-7F8554A2D29D}.Debug|x64.ActiveCfg = Debug|x64
		{AC1A35FE-C5D3-32AA-BBAE-7F8554A2D29D}.Debug|x64.Build.0 = Debug|x64
		{AC1A35FE-C5D3-32AA-BBAE-7F8554A2D29D}.Release|x64.ActiveCfg = Release|x64
		{AC1A35FE-C5D3-32AA-BBAE-7F8554A2D29D}.Release|x64.Build.0 = Release|x64
		{130D4256-097B-3650-87B6-996B09CF5C1B}.Debug|x64.ActiveCfg = Debug|x64
		{130D4256-097B-3650-87B6-996B09CF5C1B}.Debug|x64.Build.0 = Debug|x64
		{130D4256-097B-3650-87B6-996B09CF5C1B}.Release|x64.ActiveCfg = Release|x64
		{130D4256-097B-3650-87B6-996B09CF5C1B}.Release|x64.Build.0 = Release|x64
	EndGlobalSection
	GlobalSection(NestedProjects) = preSolution
		{A3C6223B-CF04-382B-9857-22A3078671BB} = {750B7FF9-F843-3001-B3A2-5161666BCE76}
		{130D4256-097B-3650-87B6-996B09CF5C1B} = {750B7FF9-F843-3001-B3A2-5161666BCE76}
	EndGlobalSection
	GlobalSection(ExtensibilityGlobals) = postSolution
		SolutionGuid = {B1B9BCA7-58E8-30AB-9AE5-88998DDB68D0}
	EndGlobalSection
	GlobalSection(ExtensibilityAddIns) = postSolution
	EndGlobalSection
EndGlobal
