
Microsoft Visual Studio Solution File, Format Version 12.00
# Visual Studio Version 17
Project("{2150E333-8FDC-42A3-9474-1A3956D46DE8}") = "CMakePredefinedTargets", "CMakePredefinedTargets", "{C04CEC77-1375-3698-8B02-02E1A7169CF5}"
EndProject
Project("{8BC9CEB8-8B4A-11D0-8D11-00A0C91BC942}") = "CSC8503", "CSC8503\CSC8503.vcxproj", "{5FD511C4-0474-3829-AA22-FE4D5A71E069}"
	ProjectSection(ProjectDependencies) = postProject
		{79827F8B-D690-398D-AC02-057EA39BB3D8} = {79827F8B-D690-398D-AC02-057EA39BB3D8}
		{E786ABB9-D154-3F52-AC54-1025805B58F7} = {E786ABB9-D154-3F52-AC54-1025805B58F7}
		{BF7BA946-3E40-35DA-B1EB-6F0231929F1E} = {BF7BA946-3E40-35DA-B1EB-6F0231929F1E}
		{187765DF-BF15-3CFE-A125-78821516367A} = {187765DF-BF15-3CFE-A125-78821516367A}
	EndProjectSection
EndProject
Project("{8BC9CEB8-8B4A-11D0-8D11-00A0C91BC942}") = "ALL_BUILD", "ALL_BUILD.vcxproj", "{1D3985BA-6D26-3651-AEB5-9D3B08B8D93B}"
	ProjectSection(ProjectDependencies) = postProject
		{5FD511C4-0474-3829-AA22-FE4D5A71E069} = {5FD511C4-0474-3829-AA22-FE4D5A71E069}
		{79827F8B-D690-398D-AC02-057EA39BB3D8} = {79827F8B-D690-398D-AC02-057EA39BB3D8}
		{E786ABB9-D154-3F52-AC54-1025805B58F7} = {E786ABB9-D154-3F52-AC54-1025805B58F7}
		{BF7BA946-3E40-35DA-B1EB-6F0231929F1E} = {BF7BA946-3E40-35DA-B1EB-6F0231929F1E}
		{187765DF-BF15-3CFE-A125-78821516367A} = {187765DF-BF15-3CFE-A125-78821516367A}
	EndProjectSection
EndProject
Project("{8BC9CEB8-8B4A-11D0-8D11-00A0C91BC942}") = "CSC8503CoreClasses", "CSC8503CoreClasses\CSC8503CoreClasses.vcxproj", "{79827F8B-D690-398D-AC02-057EA39BB3D8}"
	ProjectSection(ProjectDependencies) = postProject
		{187765DF-BF15-3CFE-A125-78821516367A} = {187765DF-BF15-3CFE-A125-78821516367A}
	EndProjectSection
EndProject
Project("{8BC9CEB8-8B4A-11D0-8D11-00A0C91BC942}") = "NCLCoreClasses", "NCLCoreClasses\NCLCoreClasses.vcxproj", "{E786ABB9-D154-3F52-AC54-1025805B58F7}"
	ProjectSection(ProjectDependencies) = postProject
		{187765DF-BF15-3CFE-A125-78821516367A} = {187765DF-BF15-3CFE-A125-78821516367A}
	EndProjectSection
EndProject
Project("{8BC9CEB8-8B4A-11D0-8D11-00A0C91BC942}") = "OpenGLRendering", "OpenGLRendering\OpenGLRendering.vcxproj", "{BF7BA946-3E40-35DA-B1EB-6F0231929F1E}"
	ProjectSection(ProjectDependencies) = postProject
		{E786ABB9-D154-3F52-AC54-1025805B58F7} = {E786ABB9-D154-3F52-AC54-1025805B58F7}
		{187765DF-BF15-3CFE-A125-78821516367A} = {187765DF-BF15-3CFE-A125-78821516367A}
	EndProjectSection
EndProject
Project("{8BC9CEB8-8B4A-11D0-8D11-00A0C91BC942}") = "ZERO_CHECK", "ZERO_CHECK.vcxproj", "{187765DF-BF15-3CFE-A125-78821516367A}"
	ProjectSection(ProjectDependencies) = postProject
	EndProjectSection
EndProject
Global
	GlobalSection(SolutionConfigurationPlatforms) = preSolution
		Debug|x64 = Debug|x64
		Release|x64 = Release|x64
	EndGlobalSection
	GlobalSection(ProjectConfigurationPlatforms) = postSolution
		{5FD511C4-0474-3829-AA22-FE4D5A71E069}.Debug|x64.ActiveCfg = Debug|x64
		{5FD511C4-0474-3829-AA22-FE4D5A71E069}.Debug|x64.Build.0 = Debug|x64
		{5FD511C4-0474-3829-AA22-FE4D5A71E069}.Release|x64.ActiveCfg = Release|x64
		{5FD511C4-0474-3829-AA22-FE4D5A71E069}.Release|x64.Build.0 = Release|x64
		{1D3985BA-6D26-3651-AEB5-9D3B08B8D93B}.Debug|x64.ActiveCfg = Debug|x64
		{1D3985BA-6D26-3651-AEB5-9D3B08B8D93B}.Release|x64.ActiveCfg = Release|x64
		{79827F8B-D690-398D-AC02-057EA39BB3D8}.Debug|x64.ActiveCfg = Debug|x64
		{79827F8B-D690-398D-AC02-057EA39BB3D8}.Debug|x64.Build.0 = Debug|x64
		{79827F8B-D690-398D-AC02-057EA39BB3D8}.Release|x64.ActiveCfg = Release|x64
		{79827F8B-D690-398D-AC02-057EA39BB3D8}.Release|x64.Build.0 = Release|x64
		{E786ABB9-D154-3F52-AC54-1025805B58F7}.Debug|x64.ActiveCfg = Debug|x64
		{E786ABB9-D154-3F52-AC54-1025805B58F7}.Debug|x64.Build.0 = Debug|x64
		{E786ABB9-D154-3F52-AC54-1025805B58F7}.Release|x64.ActiveCfg = Release|x64
		{E786ABB9-D154-3F52-AC54-1025805B58F7}.Release|x64.Build.0 = Release|x64
		{BF7BA946-3E40-35DA-B1EB-6F0231929F1E}.Debug|x64.ActiveCfg = Debug|x64
		{BF7BA946-3E40-35DA-B1EB-6F0231929F1E}.Debug|x64.Build.0 = Debug|x64
		{BF7BA946-3E40-35DA-B1EB-6F0231929F1E}.Release|x64.ActiveCfg = Release|x64
		{BF7BA946-3E40-35DA-B1EB-6F0231929F1E}.Release|x64.Build.0 = Release|x64
		{187765DF-BF15-3CFE-A125-78821516367A}.Debug|x64.ActiveCfg = Debug|x64
		{187765DF-BF15-3CFE-A125-78821516367A}.Debug|x64.Build.0 = Debug|x64
		{187765DF-BF15-3CFE-A125-78821516367A}.Release|x64.ActiveCfg = Release|x64
		{187765DF-BF15-3CFE-A125-78821516367A}.Release|x64.Build.0 = Release|x64
	EndGlobalSection
	GlobalSection(NestedProjects) = preSolution
		{1D3985BA-6D26-3651-AEB5-9D3B08B8D93B} = {C04CEC77-1375-3698-8B02-02E1A7169CF5}
		{187765DF-BF15-3CFE-A125-78821516367A} = {C04CEC77-1375-3698-8B02-02E1A7169CF5}
	EndGlobalSection
	GlobalSection(ExtensibilityGlobals) = postSolution
		SolutionGuid = {D0505F83-3AE8-3E56-8781-9958D7451910}
	EndGlobalSection
	GlobalSection(ExtensibilityAddIns) = postSolution
	EndGlobalSection
EndGlobal
